
Microsoft Visual Studio Solution File, Format Version 12.00
# Visual Studio 15
VisualStudioVersion = 15.0.28307.1321
MinimumVisualStudioVersion = 10.0.40219.1
Project("{FAE04EC0-301F-11D3-BF4B-00C04F79EFBC}") = "myMvcDemo", "myMvcDemo\myMvcDemo.csproj", "{8B1A3477-6AA5-4785-A002-1E88659216B1}"
EndProject
Global
	GlobalSection(SolutionConfigurationPlatforms) = preSolution
		Debug|Any CPU = Debug|Any CPU
		Release|Any CPU = Release|Any CPU
	EndGlobalSection
	GlobalSection(ProjectConfigurationPlatforms) = postSolution
		{8B1A3477-6AA5-4785-A002-1E88659216B1}.Debug|Any CPU.ActiveCfg = Debug|Any CPU
		{8B1A3477-6AA5-4785-A002-1E88659216B1}.Debug|Any CPU.Build.0 = Debug|Any CPU
		{8B1A3477-6AA5-4785-A002-1E88659216B1}.Release|Any CPU.ActiveCfg = Release|Any CPU
		{8B1A3477-6AA5-4785-A002-1E88659216B1}.Release|Any CPU.Build.0 = Release|Any CPU
	EndGlobalSection
	GlobalSection(SolutionProperties) = preSolution
		HideSolutionNode = FALSE
	EndGlobalSection
	GlobalSection(ExtensibilityGlobals) = postSolution
		SolutionGuid = {8B2A1BB4-7F83-48E8-9322-5612BF402B2A}
	EndGlobalSection
EndGlobal
